
Microsoft Visual Studio Solution File, Format Version 11.00
# Visual Studio 2010
# SharpDevelop 5.1
Project("{FAE04EC0-301F-11D3-BF4B-00C04F79EFBC}") = "Run", "Run\Run.csproj", "{35A80E96-F0D6-4318-9DEF-148DBE2D24AF}"
EndProject
Global
	GlobalSection(SolutionConfigurationPlatforms) = preSolution
		Debug|Any CPU = Debug|Any CPU
		Release|Any CPU = Release|Any CPU
	EndGlobalSection
	GlobalSection(ProjectConfigurationPlatforms) = postSolution
		{35A80E96-F0D6-4318-9DEF-148DBE2D24AF}.Debug|Any CPU.ActiveCfg = Debug|Any CPU
		{35A80E96-F0D6-4318-9DEF-148DBE2D24AF}.Debug|Any CPU.Build.0 = Debug|Any CPU
		{35A80E96-F0D6-4318-9DEF-148DBE2D24AF}.Release|Any CPU.ActiveCfg = Release|Any CPU
		{35A80E96-F0D6-4318-9DEF-148DBE2D24AF}.Release|Any CPU.Build.0 = Release|Any CPU
	EndGlobalSection
EndGlobal
